
Microsoft Visual Studio Solution File, Format Version 12.00
# Visual Studio Version 17
VisualStudioVersion = 17.11.35312.102
MinimumVisualStudioVersion = 10.0.40219.1
Project("{FAE04EC0-301F-11D3-BF4B-00C04F79EFBC}") = "Viktor Parnevall - Hitta tal i sträng - Lab 1", "Viktor Parnevall - Hitta tal i sträng - Lab 1\Viktor Parnevall - Hitta tal i sträng - Lab 1.csproj", "{438803D7-E3A3-4A2D-A147-6C4FEC6AE779}"
EndProject
Global
	GlobalSection(SolutionConfigurationPlatforms) = preSolution
		Debug|Any CPU = Debug|Any CPU
		Release|Any CPU = Release|Any CPU
	EndGlobalSection
	GlobalSection(ProjectConfigurationPlatforms) = postSolution
		{438803D7-E3A3-4A2D-A147-6C4FEC6AE779}.Debug|Any CPU.ActiveCfg = Debug|Any CPU
		{438803D7-E3A3-4A2D-A147-6C4FEC6AE779}.Debug|Any CPU.Build.0 = Debug|Any CPU
		{438803D7-E3A3-4A2D-A147-6C4FEC6AE779}.Release|Any CPU.ActiveCfg = Release|Any CPU
		{438803D7-E3A3-4A2D-A147-6C4FEC6AE779}.Release|Any CPU.Build.0 = Release|Any CPU
	EndGlobalSection
	GlobalSection(SolutionProperties) = preSolution
		HideSolutionNode = FALSE
	EndGlobalSection
	GlobalSection(ExtensibilityGlobals) = postSolution
		SolutionGuid = {2075B5E7-0661-4878-A0E1-36AC17C240BD}
	EndGlobalSection
EndGlobal
